
Microsoft Visual Studio Solution File, Format Version 12.00
# Visual Studio 15
VisualStudioVersion = 15.0.28307.705
MinimumVisualStudioVersion = 10.0.40219.1
Project("{FAE04EC0-301F-11D3-BF4B-00C04F79EFBC}") = "BibliotecaGames.DAL", "BibliotecaGames.DAL\BibliotecaGames.DAL.csproj", "{BCD94EDD-0A45-4C7F-8296-B4F2520FF28B}"
EndProject
Project("{FAE04EC0-301F-11D3-BF4B-00C04F79EFBC}") = "BibliotecaGames.Site", "BibliotecaGames.Site\BibliotecaGames.Site.csproj", "{5BDAB4C3-8F86-431D-ACAD-D2993804AD92}"
EndProject
Project("{FAE04EC0-301F-11D3-BF4B-00C04F79EFBC}") = "BibliotecaGames.BLL", "BibliotecaGames.BLL\BibliotecaGames.BLL.csproj", "{91B37F24-B276-460B-898C-EEA3AD5F8D8D}"
EndProject
Project("{FAE04EC0-301F-11D3-BF4B-00C04F79EFBC}") = "BibliotecaGames.Entities", "BibliotecaGames.Entities\BibliotecaGames.Entities.csproj", "{F22F23FC-9805-413B-878E-98FD8C3B3B25}"
EndProject
Global
	GlobalSection(SolutionConfigurationPlatforms) = preSolution
		Debug|Any CPU = Debug|Any CPU
		Release|Any CPU = Release|Any CPU
	EndGlobalSection
	GlobalSection(ProjectConfigurationPlatforms) = postSolution
		{BCD94EDD-0A45-4C7F-8296-B4F2520FF28B}.Debug|Any CPU.ActiveCfg = Debug|Any CPU
		{BCD94EDD-0A45-4C7F-8296-B4F2520FF28B}.Debug|Any CPU.Build.0 = Debug|Any CPU
		{BCD94EDD-0A45-4C7F-8296-B4F2520FF28B}.Release|Any CPU.ActiveCfg = Release|Any CPU
		{BCD94EDD-0A45-4C7F-8296-B4F2520FF28B}.Release|Any CPU.Build.0 = Release|Any CPU
		{5BDAB4C3-8F86-431D-ACAD-D2993804AD92}.Debug|Any CPU.ActiveCfg = Debug|Any CPU
		{5BDAB4C3-8F86-431D-ACAD-D2993804AD92}.Debug|Any CPU.Build.0 = Debug|Any CPU
		{5BDAB4C3-8F86-431D-ACAD-D2993804AD92}.Release|Any CPU.ActiveCfg = Release|Any CPU
		{5BDAB4C3-8F86-431D-ACAD-D2993804AD92}.Release|Any CPU.Build.0 = Release|Any CPU
		{91B37F24-B276-460B-898C-EEA3AD5F8D8D}.Debug|Any CPU.ActiveCfg = Debug|Any CPU
		{91B37F24-B276-460B-898C-EEA3AD5F8D8D}.Debug|Any CPU.Build.0 = Debug|Any CPU
		{91B37F24-B276-460B-898C-EEA3AD5F8D8D}.Release|Any CPU.ActiveCfg = Release|Any CPU
		{91B37F24-B276-460B-898C-EEA3AD5F8D8D}.Release|Any CPU.Build.0 = Release|Any CPU
		{F22F23FC-9805-413B-878E-98FD8C3B3B25}.Debug|Any CPU.ActiveCfg = Debug|Any CPU
		{F22F23FC-9805-413B-878E-98FD8C3B3B25}.Debug|Any CPU.Build.0 = Debug|Any CPU
		{F22F23FC-9805-413B-878E-98FD8C3B3B25}.Release|Any CPU.ActiveCfg = Release|Any CPU
		{F22F23FC-9805-413B-878E-98FD8C3B3B25}.Release|Any CPU.Build.0 = Release|Any CPU
	EndGlobalSection
	GlobalSection(SolutionProperties) = preSolution
		HideSolutionNode = FALSE
	EndGlobalSection
	GlobalSection(ExtensibilityGlobals) = postSolution
		SolutionGuid = {A603E407-2CED-4400-A595-00AB3B8DA37F}
	EndGlobalSection
EndGlobal
